{
  "name": "@diginet/ds-nfs-fs",
  "version": "0.2.1",
  "lockfileVersion": 1,
  "requires": true,
  "dependencies": {
    "@diginet/ds-fs": {
      "version": "2.0.54",
      "resolved": "https://registry.npmjs.org/@diginet/ds-fs/-/ds-fs-2.0.54.tgz",
      "integrity": "sha512-Qzj7+tT/sHrPN1mZyBWM7EsKh7kScQLxgf+IoPOrPljyrfRrc7WHer5o41zGl9oa4GgHP+dYgyO9uQ7JOCHGwA==",
      "requires": {
        "@diginet/ds-mongodb": "^1.2.8",
        "@diginet/ds-node-fs": "^1.0.2",
        "@types/filesystem": "0.0.28",
        "@types/node": "^10.5.8",
        "async": "~2.6.1",
        "pako": "~1.0.6"
      }
    },
    "@diginet/ds-mongodb": {
      "version": "1.2.13",
      "resolved": "https://registry.npmjs.org/@diginet/ds-mongodb/-/ds-mongodb-1.2.13.tgz",
      "integrity": "sha512-of8fSVENDXJBxN+CX7mMS34HpFjmY8Oi2rmbNTG+Lin76qZFvsFX73OIpd90jIu6ZP0wBeDhWUUK4HDtbHv1zA==",
      "requires": {
        "mongodb": "^3.3.0",
        "stream-buffers": "^3.0.2",
        "uuid": "^3.3.2"
      }
    },
    "@diginet/ds-node-fs": {
      "version": "1.0.2",
      "resolved": "https://registry.npmjs.org/@diginet/ds-node-fs/-/ds-node-fs-1.0.2.tgz",
      "integrity": "sha512-b9Enujmz52SU12lgh1P4y1wBCK2UnktERlTqMtrkf9Fjb2el4N9/hyvfPXtJkr8so/F/V0msG3gbxQKLU9MXwA==",
      "requires": {
        "@types/del": "^3.0.1",
        "@types/fs-extra": "^5.0.4",
        "@types/node": "^10.5.5",
        "del": "^3.0.0",
        "fs-extra": "^7.0.0"
      }
    },
    "@diginet/nfs": {
      "version": "0.2.2",
      "resolved": "https://registry.npmjs.org/@diginet/nfs/-/nfs-0.2.2.tgz",
      "integrity": "sha512-7mU6NXokh5O7IlmN9R5JlICMwQ+wRCpkA7xRpAAzEwU515mARPhKItbM3eke+EpEXQP2WEFu/buGqMoDRsaV5A==",
      "requires": {
        "@diginet/oncrpc": "0.2.0",
        "assert-plus": "0.1.4",
        "clone": "0.1.10",
        "once": "1.2.0"
      },
      "dependencies": {
        "assert-plus": {
          "version": "0.1.4",
          "resolved": "https://registry.npmjs.org/assert-plus/-/assert-plus-0.1.4.tgz",
          "integrity": "sha1-KD7/ixQOzXaFKfvzcwpMCevsYfc="
        },
        "once": {
          "version": "1.2.0",
          "resolved": "https://registry.npmjs.org/once/-/once-1.2.0.tgz",
          "integrity": "sha1-3hkFxjavh0qPuoYtmqvd0fkgRhw="
        }
      }
    },
    "@diginet/oncrpc": {
      "version": "0.2.0",
      "resolved": "https://registry.npmjs.org/@diginet/oncrpc/-/oncrpc-0.2.0.tgz",
      "integrity": "sha512-uLR5FdpPQzvR1rFMtV6TYGYyimnV6IKiDW1YDJ86C3hWTbdQkw0TLieusdeAoc4dYFMqSj5JxC1EgDBVnZB5Uw==",
      "requires": {
        "assert-plus": "0.1.4",
        "clone": "0.1.10",
        "dtrace-provider": "0.2.8",
        "once": "1.2.0",
        "verror": "1.3.6"
      },
      "dependencies": {
        "assert-plus": {
          "version": "0.1.4",
          "resolved": "https://registry.npmjs.org/assert-plus/-/assert-plus-0.1.4.tgz",
          "integrity": "sha1-KD7/ixQOzXaFKfvzcwpMCevsYfc="
        },
        "once": {
          "version": "1.2.0",
          "resolved": "https://registry.npmjs.org/once/-/once-1.2.0.tgz",
          "integrity": "sha1-3hkFxjavh0qPuoYtmqvd0fkgRhw="
        }
      }
    },
    "@types/del": {
      "version": "3.0.1",
      "resolved": "https://registry.npmjs.org/@types/del/-/del-3.0.1.tgz",
      "integrity": "sha512-y6qRq6raBuu965clKgx6FHuiPu3oHdtmzMPXi8Uahsjdq1L6DL5fS/aY5/s71YwM7k6K1QIWvem5vNwlnNGIkQ==",
      "requires": {
        "@types/glob": "*"
      }
    },
    "@types/events": {
      "version": "3.0.0",
      "resolved": "https://registry.npmjs.org/@types/events/-/events-3.0.0.tgz",
      "integrity": "sha512-EaObqwIvayI5a8dCzhFrjKzVwKLxjoG9T6Ppd5CEo07LRKfQ8Yokw54r5+Wq7FaBQ+yXRvQAYPrHwya1/UFt9g=="
    },
    "@types/filesystem": {
      "version": "0.0.28",
      "resolved": "https://registry.npmjs.org/@types/filesystem/-/filesystem-0.0.28.tgz",
      "integrity": "sha1-P9dzWDDyx0E8taxFeAvEWQRpew4=",
      "requires": {
        "@types/filewriter": "*"
      }
    },
    "@types/filewriter": {
      "version": "0.0.28",
      "resolved": "https://registry.npmjs.org/@types/filewriter/-/filewriter-0.0.28.tgz",
      "integrity": "sha1-wFTor02d11205jq8dviFFocU1LM="
    },
    "@types/fs-extra": {
      "version": "5.1.0",
      "resolved": "https://registry.npmjs.org/@types/fs-extra/-/fs-extra-5.1.0.tgz",
      "integrity": "sha512-AInn5+UBFIK9FK5xc9yP5e3TQSPNNgjHByqYcj9g5elVBnDQcQL7PlO1CIRy2gWlbwK7UPYqi7vRvFA44dCmYQ==",
      "requires": {
        "@types/node": "*"
      }
    },
    "@types/glob": {
      "version": "7.1.1",
      "resolved": "https://registry.npmjs.org/@types/glob/-/glob-7.1.1.tgz",
      "integrity": "sha512-1Bh06cbWJUHMC97acuD6UMG29nMt0Aqz1vF3guLfG+kHHJhy3AyohZFFxYk2f7Q1SQIrNwvncxAE0N/9s70F2w==",
      "requires": {
        "@types/events": "*",
        "@types/minimatch": "*",
        "@types/node": "*"
      }
    },
    "@types/lru-cache": {
      "version": "4.1.2",
      "resolved": "https://registry.npmjs.org/@types/lru-cache/-/lru-cache-4.1.2.tgz",
      "integrity": "sha512-ve2IoUJClE+4S/sG2zoLGEHP6DCvqgyz7UkHZdiICdQaAYRaCXsRWfJlbL8B0KvUyo9lgzD+oR0YSy4YikFyFQ==",
      "dev": true
    },
    "@types/minimatch": {
      "version": "3.0.3",
      "resolved": "https://registry.npmjs.org/@types/minimatch/-/minimatch-3.0.3.tgz",
      "integrity": "sha512-tHq6qdbT9U1IRSGf14CL0pUlULksvY9OZ+5eEgl1N7t+OA3tGvNpxJCzuKQlsNgCVwbAs670L1vcVQi8j9HjnA=="
    },
    "@types/node": {
      "version": "10.17.5",
      "resolved": "https://registry.npmjs.org/@types/node/-/node-10.17.5.tgz",
      "integrity": "sha512-RElZIr/7JreF1eY6oD5RF3kpmdcreuQPjg5ri4oQ5g9sq7YWU8HkfB3eH8GwAwxf5OaCh0VPi7r4N/yoTGelrA=="
    },
    "array-union": {
      "version": "1.0.2",
      "resolved": "https://registry.npmjs.org/array-union/-/array-union-1.0.2.tgz",
      "integrity": "sha1-mjRBDk9OPaI96jdb5b5w8kd47Dk=",
      "requires": {
        "array-uniq": "^1.0.1"
      }
    },
    "array-uniq": {
      "version": "1.0.3",
      "resolved": "https://registry.npmjs.org/array-uniq/-/array-uniq-1.0.3.tgz",
      "integrity": "sha1-r2rId6Jcx/dOBYiUdThY39sk/bY="
    },
    "assert-plus": {
      "version": "1.0.0",
      "resolved": "https://registry.npmjs.org/assert-plus/-/assert-plus-1.0.0.tgz",
      "integrity": "sha1-8S4PPF13sLHN2RRpQuTpbB5N1SU="
    },
    "async": {
      "version": "2.6.3",
      "resolved": "https://registry.npmjs.org/async/-/async-2.6.3.tgz",
      "integrity": "sha512-zflvls11DCy+dQWzTW2dzuilv8Z5X/pjfmZOWba6TNIVDm+2UDaJmXSOXlasHKfNBs8oo3M0aT50fDEWfKZjXg==",
      "requires": {
        "lodash": "^4.17.14"
      }
    },
    "balanced-match": {
      "version": "1.0.0",
      "resolved": "https://registry.npmjs.org/balanced-match/-/balanced-match-1.0.0.tgz",
      "integrity": "sha1-ibTRmasr7kneFk6gK4nORi1xt2c="
    },
    "brace-expansion": {
      "version": "1.1.11",
      "resolved": "https://registry.npmjs.org/brace-expansion/-/brace-expansion-1.1.11.tgz",
      "integrity": "sha512-iCuPHDFgrHX7H2vEI/5xpz07zSHB00TpugqhmYtVmMO6518mCuRMoOYFldEBl0g187ufozdaHgWKcYFb61qGiA==",
      "requires": {
        "balanced-match": "^1.0.0",
        "concat-map": "0.0.1"
      }
    },
    "bson": {
      "version": "1.1.3",
      "resolved": "https://registry.npmjs.org/bson/-/bson-1.1.3.tgz",
      "integrity": "sha512-TdiJxMVnodVS7r0BdL42y/pqC9cL2iKynVwA0Ho3qbsQYr428veL3l7BQyuqiw+Q5SqqoT0m4srSY/BlZ9AxXg=="
    },
    "bunyan": {
      "version": "1.8.12",
      "resolved": "https://registry.npmjs.org/bunyan/-/bunyan-1.8.12.tgz",
      "integrity": "sha1-8VDw9nSKvdcq6uhPBEA74u8RN5c=",
      "requires": {
        "dtrace-provider": "~0.8",
        "moment": "^2.10.6",
        "mv": "~2",
        "safe-json-stringify": "~1"
      },
      "dependencies": {
        "dtrace-provider": {
          "version": "0.8.8",
          "resolved": "https://registry.npmjs.org/dtrace-provider/-/dtrace-provider-0.8.8.tgz",
          "integrity": "sha512-b7Z7cNtHPhH9EJhNNbbeqTcXB8LGFFZhq1PGgEvpeHlzd36bhbdTWoE/Ba/YguqpBSlAPKnARWhVlhunCMwfxg==",
          "optional": true,
          "requires": {
            "nan": "^2.14.0"
          }
        }
      }
    },
    "clone": {
      "version": "0.1.10",
      "resolved": "https://registry.npmjs.org/clone/-/clone-0.1.10.tgz",
      "integrity": "sha1-qDfxk+N1CLUxkokdj0YcGkFbdhY="
    },
    "concat-map": {
      "version": "0.0.1",
      "resolved": "https://registry.npmjs.org/concat-map/-/concat-map-0.0.1.tgz",
      "integrity": "sha1-2Klr13/Wjfd5OnMDajug1UBdR3s="
    },
    "core-util-is": {
      "version": "1.0.2",
      "resolved": "https://registry.npmjs.org/core-util-is/-/core-util-is-1.0.2.tgz",
      "integrity": "sha1-tf1UIgqivFq1eqtxQMlAdUUDwac="
    },
    "del": {
      "version": "3.0.0",
      "resolved": "https://registry.npmjs.org/del/-/del-3.0.0.tgz",
      "integrity": "sha1-U+z2mf/LyzljdpGrE7rxYIGXZuU=",
      "requires": {
        "globby": "^6.1.0",
        "is-path-cwd": "^1.0.0",
        "is-path-in-cwd": "^1.0.0",
        "p-map": "^1.1.1",
        "pify": "^3.0.0",
        "rimraf": "^2.2.8"
      }
    },
    "dtrace-provider": {
      "version": "0.2.8",
      "resolved": "https://registry.npmjs.org/dtrace-provider/-/dtrace-provider-0.2.8.tgz",
      "integrity": "sha1-4kPxkhmqlfvw2PL/sH9b1k6U/iA="
    },
    "extsprintf": {
      "version": "1.0.2",
      "resolved": "https://registry.npmjs.org/extsprintf/-/extsprintf-1.0.2.tgz",
      "integrity": "sha1-4QgOBljjALBilJkMxw4VAiNf1VA="
    },
    "fs-extra": {
      "version": "7.0.1",
      "resolved": "https://registry.npmjs.org/fs-extra/-/fs-extra-7.0.1.tgz",
      "integrity": "sha512-YJDaCJZEnBmcbw13fvdAM9AwNOJwOzrE4pqMqBq5nFiEqXUqHwlK4B+3pUw6JNvfSPtX05xFHtYy/1ni01eGCw==",
      "requires": {
        "graceful-fs": "^4.1.2",
        "jsonfile": "^4.0.0",
        "universalify": "^0.1.0"
      }
    },
    "fs.realpath": {
      "version": "1.0.0",
      "resolved": "https://registry.npmjs.org/fs.realpath/-/fs.realpath-1.0.0.tgz",
      "integrity": "sha1-FQStJSMVjKpA20onh8sBQRmU6k8="
    },
    "glob": {
      "version": "7.1.6",
      "resolved": "https://registry.npmjs.org/glob/-/glob-7.1.6.tgz",
      "integrity": "sha512-LwaxwyZ72Lk7vZINtNNrywX0ZuLyStrdDtabefZKAY5ZGJhVtgdznluResxNmPitE0SAO+O26sWTHeKSI2wMBA==",
      "requires": {
        "fs.realpath": "^1.0.0",
        "inflight": "^1.0.4",
        "inherits": "2",
        "minimatch": "^3.0.4",
        "once": "^1.3.0",
        "path-is-absolute": "^1.0.0"
      }
    },
    "globby": {
      "version": "6.1.0",
      "resolved": "https://registry.npmjs.org/globby/-/globby-6.1.0.tgz",
      "integrity": "sha1-9abXDoOV4hyFj7BInWTfAkJNUGw=",
      "requires": {
        "array-union": "^1.0.1",
        "glob": "^7.0.3",
        "object-assign": "^4.0.1",
        "pify": "^2.0.0",
        "pinkie-promise": "^2.0.0"
      },
      "dependencies": {
        "pify": {
          "version": "2.3.0",
          "resolved": "https://registry.npmjs.org/pify/-/pify-2.3.0.tgz",
          "integrity": "sha1-7RQaasBDqEnqWISY59yosVMw6Qw="
        }
      }
    },
    "graceful-fs": {
      "version": "4.2.3",
      "resolved": "https://registry.npmjs.org/graceful-fs/-/graceful-fs-4.2.3.tgz",
      "integrity": "sha512-a30VEBm4PEdx1dRB7MFK7BejejvCvBronbLjht+sHuGYj8PHs7M/5Z+rt5lw551vZ7yfTCj4Vuyy3mSJytDWRQ=="
    },
    "inflight": {
      "version": "1.0.6",
      "resolved": "https://registry.npmjs.org/inflight/-/inflight-1.0.6.tgz",
      "integrity": "sha1-Sb1jMdfQLQwJvJEKEHW6gWW1bfk=",
      "requires": {
        "once": "^1.3.0",
        "wrappy": "1"
      }
    },
    "inherits": {
      "version": "2.0.4",
      "resolved": "https://registry.npmjs.org/inherits/-/inherits-2.0.4.tgz",
      "integrity": "sha512-k/vGaX4/Yla3WzyMCvTQOXYeIHvqOKtnqBduzTHpzpQZzAskKMhZ2K+EnBiSM9zGSoIFeMpXKxa4dYeZIQqewQ=="
    },
    "is-path-cwd": {
      "version": "1.0.0",
      "resolved": "https://registry.npmjs.org/is-path-cwd/-/is-path-cwd-1.0.0.tgz",
      "integrity": "sha1-0iXsIxMuie3Tj9p2dHLmLmXxEG0="
    },
    "is-path-in-cwd": {
      "version": "1.0.1",
      "resolved": "https://registry.npmjs.org/is-path-in-cwd/-/is-path-in-cwd-1.0.1.tgz",
      "integrity": "sha512-FjV1RTW48E7CWM7eE/J2NJvAEEVektecDBVBE5Hh3nM1Jd0kvhHtX68Pr3xsDf857xt3Y4AkwVULK1Vku62aaQ==",
      "requires": {
        "is-path-inside": "^1.0.0"
      }
    },
    "is-path-inside": {
      "version": "1.0.1",
      "resolved": "https://registry.npmjs.org/is-path-inside/-/is-path-inside-1.0.1.tgz",
      "integrity": "sha1-jvW33lBDej/cprToZe96pVy0gDY=",
      "requires": {
        "path-is-inside": "^1.0.1"
      }
    },
    "jsonfile": {
      "version": "4.0.0",
      "resolved": "https://registry.npmjs.org/jsonfile/-/jsonfile-4.0.0.tgz",
      "integrity": "sha1-h3Gq4HmbZAdrdmQPygWPnBDjPss=",
      "requires": {
        "graceful-fs": "^4.1.6"
      }
    },
    "lodash": {
      "version": "4.17.15",
      "resolved": "https://registry.npmjs.org/lodash/-/lodash-4.17.15.tgz",
      "integrity": "sha512-8xOcRHvCjnocdS5cpwXQXVzmmh5e5+saE2QGoeQmbKmRS6J3VQppPOIt0MnmE+4xlZoumy0GPG0D0MVIQbNA1A=="
    },
    "lru-cache": {
      "version": "5.1.1",
      "resolved": "https://registry.npmjs.org/lru-cache/-/lru-cache-5.1.1.tgz",
      "integrity": "sha512-KpNARQA3Iwv+jTA0utUVVbrh+Jlrr1Fv0e56GGzAFOXN7dk/FviaDW8LHmK52DlcH4WP2n6gI8vN1aesBFgo9w==",
      "requires": {
        "yallist": "^3.0.2"
      }
    },
    "memory-pager": {
      "version": "1.5.0",
      "resolved": "https://registry.npmjs.org/memory-pager/-/memory-pager-1.5.0.tgz",
      "integrity": "sha512-ZS4Bp4r/Zoeq6+NLJpP+0Zzm0pR8whtGPf1XExKLJBAczGMnSi3It14OiNCStjQjM6NU1okjQGSxgEZN8eBYKg==",
      "optional": true
    },
    "minimatch": {
      "version": "3.0.4",
      "resolved": "https://registry.npmjs.org/minimatch/-/minimatch-3.0.4.tgz",
      "integrity": "sha512-yJHVQEhyqPLUTgt9B83PXu6W3rx4MvvHvSUvToogpwoGDOUQ+yDrR0HRot+yOCdCO7u4hX3pWft6kWBBcqh0UA==",
      "requires": {
        "brace-expansion": "^1.1.7"
      }
    },
    "minimist": {
      "version": "0.0.8",
      "resolved": "https://registry.npmjs.org/minimist/-/minimist-0.0.8.tgz",
      "integrity": "sha1-hX/Kv8M5fSYluCKCYuhqp6ARsF0=",
      "optional": true
    },
    "mkdirp": {
      "version": "0.5.1",
      "resolved": "https://registry.npmjs.org/mkdirp/-/mkdirp-0.5.1.tgz",
      "integrity": "sha1-MAV0OOrGz3+MR2fzhkjWaX11yQM=",
      "optional": true,
      "requires": {
        "minimist": "0.0.8"
      }
    },
    "moment": {
      "version": "2.24.0",
      "resolved": "https://registry.npmjs.org/moment/-/moment-2.24.0.tgz",
      "integrity": "sha512-bV7f+6l2QigeBBZSM/6yTNq4P2fNpSWj/0e7jQcy87A8e7o2nAfP/34/2ky5Vw4B9S446EtIhodAzkFCcR4dQg==",
      "optional": true
    },
    "mongodb": {
      "version": "3.3.4",
      "resolved": "https://registry.npmjs.org/mongodb/-/mongodb-3.3.4.tgz",
      "integrity": "sha512-6fmHu3FJTpeZxacJcfjUGIP3BSteG0l2cxLkSrf1nnnS1OrlnVGiP9P/wAC4aB6dM6H4vQ2io8YDjkuPkje7AA==",
      "requires": {
        "bson": "^1.1.1",
        "require_optional": "^1.0.1",
        "safe-buffer": "^5.1.2",
        "saslprep": "^1.0.0"
      }
    },
    "mv": {
      "version": "2.1.1",
      "resolved": "https://registry.npmjs.org/mv/-/mv-2.1.1.tgz",
      "integrity": "sha1-rmzg1vbV4KT32JN5jQPB6pVZtqI=",
      "optional": true,
      "requires": {
        "mkdirp": "~0.5.1",
        "ncp": "~2.0.0",
        "rimraf": "~2.4.0"
      },
      "dependencies": {
        "glob": {
          "version": "6.0.4",
          "resolved": "https://registry.npmjs.org/glob/-/glob-6.0.4.tgz",
          "integrity": "sha1-DwiGD2oVUSey+t1PnOJLGqtuTSI=",
          "optional": true,
          "requires": {
            "inflight": "^1.0.4",
            "inherits": "2",
            "minimatch": "2 || 3",
            "once": "^1.3.0",
            "path-is-absolute": "^1.0.0"
          }
        },
        "rimraf": {
          "version": "2.4.5",
          "resolved": "https://registry.npmjs.org/rimraf/-/rimraf-2.4.5.tgz",
          "integrity": "sha1-7nEM5dk6j9uFb7Xqj/Di11k0sto=",
          "optional": true,
          "requires": {
            "glob": "^6.0.1"
          }
        }
      }
    },
    "nan": {
      "version": "2.14.0",
      "resolved": "https://registry.npmjs.org/nan/-/nan-2.14.0.tgz",
      "integrity": "sha512-INOFj37C7k3AfaNTtX8RhsTw7qRy7eLET14cROi9+5HAVbbHuIWUHEauBv5qT4Av2tWasiTY1Jw6puUNqRJXQg==",
      "optional": true
    },
    "ncp": {
      "version": "2.0.0",
      "resolved": "https://registry.npmjs.org/ncp/-/ncp-2.0.0.tgz",
      "integrity": "sha1-GVoh1sRuNh0vsSgbo4uR6d9727M=",
      "optional": true
    },
    "object-assign": {
      "version": "4.1.1",
      "resolved": "https://registry.npmjs.org/object-assign/-/object-assign-4.1.1.tgz",
      "integrity": "sha1-IQmtx5ZYh8/AXLvUQsrIv7s2CGM="
    },
    "once": {
      "version": "1.4.0",
      "resolved": "https://registry.npmjs.org/once/-/once-1.4.0.tgz",
      "integrity": "sha1-WDsap3WWHUsROsF9nFC6753Xa9E=",
      "requires": {
        "wrappy": "1"
      }
    },
    "p-map": {
      "version": "1.2.0",
      "resolved": "https://registry.npmjs.org/p-map/-/p-map-1.2.0.tgz",
      "integrity": "sha512-r6zKACMNhjPJMTl8KcFH4li//gkrXWfbD6feV8l6doRHlzljFWGJ2AP6iKaCJXyZmAUMOPtvbW7EXkbWO/pLEA=="
    },
    "pako": {
      "version": "1.0.10",
      "resolved": "https://registry.npmjs.org/pako/-/pako-1.0.10.tgz",
      "integrity": "sha512-0DTvPVU3ed8+HNXOu5Bs+o//Mbdj9VNQMUOe9oKCwh8l0GNwpTDMKCWbRjgtD291AWnkAgkqA/LOnQS8AmS1tw=="
    },
    "path-is-absolute": {
      "version": "1.0.1",
      "resolved": "https://registry.npmjs.org/path-is-absolute/-/path-is-absolute-1.0.1.tgz",
      "integrity": "sha1-F0uSaHNVNP+8es5r9TpanhtcX18="
    },
    "path-is-inside": {
      "version": "1.0.2",
      "resolved": "https://registry.npmjs.org/path-is-inside/-/path-is-inside-1.0.2.tgz",
      "integrity": "sha1-NlQX3t5EQw0cEa9hAn+s8HS9/FM="
    },
    "pify": {
      "version": "3.0.0",
      "resolved": "https://registry.npmjs.org/pify/-/pify-3.0.0.tgz",
      "integrity": "sha1-5aSs0sEB/fPZpNB/DbxNtJ3SgXY="
    },
    "pinkie": {
      "version": "2.0.4",
      "resolved": "https://registry.npmjs.org/pinkie/-/pinkie-2.0.4.tgz",
      "integrity": "sha1-clVrgM+g1IqXToDnckjoDtT3+HA="
    },
    "pinkie-promise": {
      "version": "2.0.1",
      "resolved": "https://registry.npmjs.org/pinkie-promise/-/pinkie-promise-2.0.1.tgz",
      "integrity": "sha1-ITXW36ejWMBprJsXh3YogihFD/o=",
      "requires": {
        "pinkie": "^2.0.0"
      }
    },
    "require_optional": {
      "version": "1.0.1",
      "resolved": "https://registry.npmjs.org/require_optional/-/require_optional-1.0.1.tgz",
      "integrity": "sha512-qhM/y57enGWHAe3v/NcwML6a3/vfESLe/sGM2dII+gEO0BpKRUkWZow/tyloNqJyN6kXSl3RyyM8Ll5D/sJP8g==",
      "requires": {
        "resolve-from": "^2.0.0",
        "semver": "^5.1.0"
      }
    },
    "resolve-from": {
      "version": "2.0.0",
      "resolved": "https://registry.npmjs.org/resolve-from/-/resolve-from-2.0.0.tgz",
      "integrity": "sha1-lICrIOlP+h2egKgEx+oUdhGWa1c="
    },
    "rimraf": {
      "version": "2.7.1",
      "resolved": "https://registry.npmjs.org/rimraf/-/rimraf-2.7.1.tgz",
      "integrity": "sha512-uWjbaKIK3T1OSVptzX7Nl6PvQ3qAGtKEtVRjRuazjfL3Bx5eI409VZSqgND+4UNnmzLVdPj9FqFJNPqBZFve4w==",
      "requires": {
        "glob": "^7.1.3"
      }
    },
    "safe-buffer": {
      "version": "5.2.0",
      "resolved": "https://registry.npmjs.org/safe-buffer/-/safe-buffer-5.2.0.tgz",
      "integrity": "sha512-fZEwUGbVl7kouZs1jCdMLdt95hdIv0ZeHg6L7qPeciMZhZ+/gdesW4wgTARkrFWEpspjEATAzUGPG8N2jJiwbg=="
    },
    "safe-json-stringify": {
      "version": "1.2.0",
      "resolved": "https://registry.npmjs.org/safe-json-stringify/-/safe-json-stringify-1.2.0.tgz",
      "integrity": "sha512-gH8eh2nZudPQO6TytOvbxnuhYBOvDBBLW52tz5q6X58lJcd/tkmqFR+5Z9adS8aJtURSXWThWy/xJtJwixErvg==",
      "optional": true
    },
    "saslprep": {
      "version": "1.0.3",
      "resolved": "https://registry.npmjs.org/saslprep/-/saslprep-1.0.3.tgz",
      "integrity": "sha512-/MY/PEMbk2SuY5sScONwhUDsV2p77Znkb/q3nSVstq/yQzYJOH/Azh29p9oJLsl3LnQwSvZDKagDGBsBwSooag==",
      "optional": true,
      "requires": {
        "sparse-bitfield": "^3.0.3"
      }
    },
    "semver": {
      "version": "5.7.1",
      "resolved": "https://registry.npmjs.org/semver/-/semver-5.7.1.tgz",
      "integrity": "sha512-sauaDf/PZdVgrLTNYHRtpXa1iRiKcaebiKQ1BJdpQlWH2lCvexQdX55snPFyK7QzpudqbCI0qXFfOasHdyNDGQ=="
    },
    "sparse-bitfield": {
      "version": "3.0.3",
      "resolved": "https://registry.npmjs.org/sparse-bitfield/-/sparse-bitfield-3.0.3.tgz",
      "integrity": "sha1-/0rm5oZWBWuks+eSqzM004JzyhE=",
      "optional": true,
      "requires": {
        "memory-pager": "^1.0.2"
      }
    },
    "stream-buffers": {
      "version": "3.0.2",
      "resolved": "https://registry.npmjs.org/stream-buffers/-/stream-buffers-3.0.2.tgz",
      "integrity": "sha512-DQi1h8VEBA/lURbSwFtEHnSTb9s2/pwLEaFuNhXwy1Dx3Sa0lOuYT2yNUr4/j2fs8oCAMANtrZ5OrPZtyVs3MQ=="
    },
    "universalify": {
      "version": "0.1.2",
      "resolved": "https://registry.npmjs.org/universalify/-/universalify-0.1.2.tgz",
      "integrity": "sha512-rBJeI5CXAlmy1pV+617WB9J63U6XcazHHF2f2dbJix4XzpUF0RS3Zbj0FGIOCAva5P/d/GBOYaACQ1w+0azUkg=="
    },
    "uuid": {
      "version": "3.3.3",
      "resolved": "https://registry.npmjs.org/uuid/-/uuid-3.3.3.tgz",
      "integrity": "sha512-pW0No1RGHgzlpHJO1nsVrHKpOEIxkGg1xB+v0ZmdNH5OAeAwzAVrCnI2/6Mtx+Uys6iaylxa+D3g4j63IKKjSQ=="
    },
    "vasync": {
      "version": "2.2.0",
      "resolved": "https://registry.npmjs.org/vasync/-/vasync-2.2.0.tgz",
      "integrity": "sha1-z951GGChWCLbOxMrxZsRakra8Bs=",
      "requires": {
        "verror": "1.10.0"
      },
      "dependencies": {
        "extsprintf": {
          "version": "1.4.0",
          "resolved": "https://registry.npmjs.org/extsprintf/-/extsprintf-1.4.0.tgz",
          "integrity": "sha1-4mifjzVvrWLMplo6kcXfX5VRaS8="
        },
        "verror": {
          "version": "1.10.0",
          "resolved": "https://registry.npmjs.org/verror/-/verror-1.10.0.tgz",
          "integrity": "sha1-OhBcoXBTr1XW4nDB+CiGguGNpAA=",
          "requires": {
            "assert-plus": "^1.0.0",
            "core-util-is": "1.0.2",
            "extsprintf": "^1.2.0"
          }
        }
      }
    },
    "verror": {
      "version": "1.3.6",
      "resolved": "https://registry.npmjs.org/verror/-/verror-1.3.6.tgz",
      "integrity": "sha1-z/XfEpRtKX0rqu+qJoniW+AcAFw=",
      "requires": {
        "extsprintf": "1.0.2"
      }
    },
    "wrappy": {
      "version": "1.0.2",
      "resolved": "https://registry.npmjs.org/wrappy/-/wrappy-1.0.2.tgz",
      "integrity": "sha1-tSQ9jz7BqjXxNkYFvA0QNuMKtp8="
    },
    "yallist": {
      "version": "3.1.1",
      "resolved": "https://registry.npmjs.org/yallist/-/yallist-3.1.1.tgz",
      "integrity": "sha512-a4UGQaWPH59mOXUYnAG2ewncQS4i4F43Tv3JoAM+s2VDAmS9NsK8GpDMLrCHPksFT7h3K6TOoUNn2pb7RoXx4g=="
    }
  }
}
